
Microsoft Visual Studio Solution File, Format Version 12.00
# Visual Studio Version 16
VisualStudioVersion = 16.0.31410.357
MinimumVisualStudioVersion = 10.0.40219.1
Project("{9A19103F-16F7-4668-BE54-9A1E7A4F7556}") = "Object.Flattener", "Object.Flattener\Object.Flattener.csproj", "{8AA2FFF6-F5EA-4103-B67C-A669FFD0C234}"
EndProject
Project("{FAE04EC0-301F-11D3-BF4B-00C04F79EFBC}") = "Object.Flattener.Test", "Object.Flattener.Test\Object.Flattener.Test.csproj", "{93CD548B-DFA9-45AB-9C0A-C9364AD1040D}"
EndProject
Global
	GlobalSection(SolutionConfigurationPlatforms) = preSolution
		Debug|Any CPU = Debug|Any CPU
		Release|Any CPU = Release|Any CPU
	EndGlobalSection
	GlobalSection(ProjectConfigurationPlatforms) = postSolution
		{8AA2FFF6-F5EA-4103-B67C-A669FFD0C234}.Debug|Any CPU.ActiveCfg = Debug|Any CPU
		{8AA2FFF6-F5EA-4103-B67C-A669FFD0C234}.Debug|Any CPU.Build.0 = Debug|Any CPU
		{8AA2FFF6-F5EA-4103-B67C-A669FFD0C234}.Release|Any CPU.ActiveCfg = Release|Any CPU
		{8AA2FFF6-F5EA-4103-B67C-A669FFD0C234}.Release|Any CPU.Build.0 = Release|Any CPU
		{93CD548B-DFA9-45AB-9C0A-C9364AD1040D}.Debug|Any CPU.ActiveCfg = Debug|Any CPU
		{93CD548B-DFA9-45AB-9C0A-C9364AD1040D}.Debug|Any CPU.Build.0 = Debug|Any CPU
		{93CD548B-DFA9-45AB-9C0A-C9364AD1040D}.Release|Any CPU.ActiveCfg = Release|Any CPU
		{93CD548B-DFA9-45AB-9C0A-C9364AD1040D}.Release|Any CPU.Build.0 = Release|Any CPU
	EndGlobalSection
	GlobalSection(SolutionProperties) = preSolution
		HideSolutionNode = FALSE
	EndGlobalSection
	GlobalSection(ExtensibilityGlobals) = postSolution
		SolutionGuid = {1B5CB0A2-1181-478F-9DCC-BAB2D0737A92}
	EndGlobalSection
EndGlobal
